[[package]]
name = "anyio"
version = "3.6.1"
description = "High level compatibility layer for multiple asynchronous event loop implementations"
category = "main"
optional = false
python-versions = ">=3.6.2"

[package.dependencies]
idna = ">=2.8"
sniffio = ">=1.1"

[package.extras]
doc = ["packaging", "sphinx-autodoc-typehints (>=1.2.0)", "sphinx-rtd-theme"]
test = ["contextlib2", "coverage[toml] (>=4.5)", "hypothesis (>=4.0)", "mock (>=4)", "pytest (>=7.0)", "pytest-mock (>=3.6.1)", "trustme", "uvloop (<0.15)", "uvloop (>=0.15)"]
trio = ["trio (>=0.16)"]

[[package]]
name = "appdirs"
version = "1.4.4"
description = "A small Python module for determining appropriate platform-specific dirs, e.g. a \"user data dir\"."
category = "main"
optional = false
python-versions = "*"

[[package]]
name = "asgiref"
version = "3.5.2"
description = "ASGI specs, helper code, and adapters"
category = "main"
optional = false
python-versions = ">=3.7"

[package.extras]
tests = ["mypy (>=0.800)", "pytest", "pytest-asyncio"]

[[package]]
name = "click"
version = "8.1.3"
description = "Composable command line interface toolkit"
category = "main"
optional = false
python-versions = ">=3.7"

[package.dependencies]
colorama = {version = "*", markers = "platform_system == \"Windows\""}

[[package]]
name = "colorama"
version = "0.4.5"
description = "Cross-platform colored terminal text."
category = "main"
optional = false
python-versions = ">=2.7, !=3.0.*, !=3.1.*, !=3.2.*, !=3.3.*, !=3.4.*"

[[package]]
name = "contextvars"
version = "2.4"
description = "PEP 567 Backport"
category = "main"
optional = false
python-versions = "*"

[package.dependencies]
immutables = ">=0.9"

[[package]]
name = "h11"
version = "0.13.0"
description = "A pure-Python, bring-your-own-I/O implementation of HTTP/1.1"
category = "main"
optional = false
python-versions = ">=3.6"

[[package]]
name = "htmltools"
version = "0.1.2"
description = "Tools for HTML generation and output."
category = "main"
optional = false
python-versions = ">=3.7"

[package.dependencies]
packaging = ">=20.9"
typing-extensions = ">=3.10.0.0"

[[package]]
name = "idna"
version = "3.4"
description = "Internationalized Domain Names in Applications (IDNA)"
category = "main"
optional = false
python-versions = ">=3.5"

[[package]]
name = "immutables"
version = "0.19"
description = "Immutable Collections"
category = "main"
optional = false
python-versions = ">=3.6"

[package.extras]
test = ["flake8 (>=5.0.4,<5.1.0)", "mypy (==0.971)", "pycodestyle (>=2.9.1,<2.10.0)", "pytest (>=6.2.4,<6.3.0)"]

[[package]]
name = "linkify-it-py"
version = "2.0.0"
description = "Links recognition library with FULL unicode support."
category = "main"
optional = false
python-versions = ">=3.6"

[package.dependencies]
uc-micro-py = "*"

[package.extras]
benchmark = ["pytest", "pytest-benchmark"]
dev = ["black", "flake8", "isort", "pre-commit"]
doc = ["myst-parser", "sphinx", "sphinx-book-theme"]
test = ["coverage", "pytest", "pytest-cov"]

[[package]]
name = "markdown-it-py"
version = "2.1.0"
description = "Python port of markdown-it. Markdown parsing, done right!"
category = "main"
optional = false
python-versions = ">=3.7"

[package.dependencies]
mdurl = ">=0.1,<1.0"

[package.extras]
benchmarking = ["psutil", "pytest", "pytest-benchmark (>=3.2,<4.0)"]
code_style = ["pre-commit (==2.6)"]
compare = ["commonmark (>=0.9.1,<0.10.0)", "markdown (>=3.3.6,<3.4.0)", "mistletoe (>=0.8.1,<0.9.0)", "mistune (>=2.0.2,<2.1.0)", "panflute (>=2.1.3,<2.2.0)"]
linkify = ["linkify-it-py (>=1.0,<2.0)"]
plugins = ["mdit-py-plugins"]
profiling = ["gprof2dot"]
rtd = ["attrs", "myst-parser", "pyyaml", "sphinx", "sphinx-copybutton", "sphinx-design", "sphinx_book_theme"]
testing = ["coverage", "pytest", "pytest-cov", "pytest-regressions"]

[[package]]
name = "mdit-py-plugins"
version = "0.3.0"
description = "Collection of plugins for markdown-it-py"
category = "main"
optional = false
python-versions = "~=3.6"

[package.dependencies]
markdown-it-py = ">=1.0.0,<3.0.0"

[package.extras]
code_style = ["pre-commit (==2.6)"]
rtd = ["myst-parser (>=0.14.0,<0.15.0)", "sphinx-book-theme (>=0.1.0,<0.2.0)"]
testing = ["coverage", "pytest (>=3.6,<4)", "pytest-cov", "pytest-regressions"]

[[package]]
name = "mdurl"
version = "0.1.2"
description = "Markdown URL utilities"
category = "main"
optional = false
python-versions = ">=3.7"

[[package]]
name = "numpy"
version = "1.23.3"
description = "NumPy is the fundamental package for array computing with Python."
category = "main"
optional = false
python-versions = ">=3.8"

[[package]]
name = "packaging"
version = "21.3"
description = "Core utilities for Python packages"
category = "main"
optional = false
python-versions = ">=3.6"

[package.dependencies]
pyparsing = ">=2.0.2,<3.0.5 || >3.0.5"

[[package]]
name = "pandas"
version = "1.5.0"
description = "Powerful data structures for data analysis, time series, and statistics"
category = "main"
optional = false
python-versions = ">=3.8"

[package.dependencies]
numpy = {version = ">=1.21.0", markers = "python_version >= \"3.10\""}
python-dateutil = ">=2.8.1"
pytz = ">=2020.1"

[package.extras]
test = ["hypothesis (>=5.5.3)", "pytest (>=6.0)", "pytest-xdist (>=1.31)"]

[[package]]
name = "pyparsing"
version = "3.0.9"
description = "pyparsing module - Classes and methods to define and execute parsing grammars"
category = "main"
optional = false
python-versions = ">=3.6.8"

[package.extras]
diagrams = ["jinja2", "railroad-diagrams"]

[[package]]
name = "python-dateutil"
version = "2.8.2"
description = "Extensions to the standard Python datetime module"
category = "main"
optional = false
python-versions = "!=3.0.*,!=3.1.*,!=3.2.*,>=2.7"

[package.dependencies]
six = ">=1.5"

[[package]]
name = "python-multipart"
version = "0.0.5"
description = "A streaming multipart parser for Python"
category = "main"
optional = false
python-versions = "*"

[package.dependencies]
six = ">=1.4.0"

[[package]]
name = "pytz"
version = "2022.2.1"
description = "World timezone definitions, modern and historical"
category = "main"
optional = false
python-versions = "*"

[[package]]
name = "shiny"
version = "0.2.6"
description = "A web development framework for Python."
category = "main"
optional = false
python-versions = ">=3.7"

[package.dependencies]
appdirs = ">=1.4.4"
asgiref = ">=3.5.2"
click = ">=8.0.3"
contextvars = ">=2.4"
htmltools = ">=0.1.0.9001"
linkify-it-py = ">=1.0"
markdown-it-py = ">=1.1.0"
mdit-py-plugins = ">=0.3.0"
python-multipart = "*"
starlette = ">=0.17.1"
typing-extensions = ">=4.0.1"
uvicorn = ">=0.16.0"
websockets = ">=10.0"

[[package]]
name = "six"
version = "1.16.0"
description = "Python 2 and 3 compatibility utilities"
category = "main"
optional = false
python-versions = ">=2.7, !=3.0.*, !=3.1.*, !=3.2.*"

[[package]]
name = "sniffio"
version = "1.3.0"
description = "Sniff out which async library your code is running under"
category = "main"
optional = false
python-versions = ">=3.7"

[[package]]
name = "starlette"
version = "0.20.4"
description = "The little ASGI library that shines."
category = "main"
optional = false
python-versions = ">=3.7"

[package.dependencies]
anyio = ">=3.4.0,<5"

[package.extras]
full = ["itsdangerous", "jinja2", "python-multipart", "pyyaml", "requests"]

[[package]]
name = "typing-extensions"
version = "4.3.0"
description = "Backported and Experimental Type Hints for Python 3.7+"
category = "main"
optional = false
python-versions = ">=3.7"

[[package]]
name = "uc-micro-py"
version = "1.0.1"
description = "Micro subset of unicode data files for linkify-it-py projects."
category = "main"
optional = false
python-versions = ">=3.6"

[package.extras]
test = ["coverage", "pytest", "pytest-cov"]

[[package]]
name = "uvicorn"
version = "0.18.3"
description = "The lightning-fast ASGI server."
category = "main"
optional = false
python-versions = ">=3.7"

[package.dependencies]
click = ">=7.0"
h11 = ">=0.8"

[package.extras]
standard = ["colorama (>=0.4)", "httptools (>=0.4.0)", "python-dotenv (>=0.13)", "pyyaml (>=5.1)", "uvloop (>=0.14.0,!=0.15.0,!=0.15.1)", "watchfiles (>=0.13)", "websockets (>=10.0)"]

[[package]]
name = "websockets"
version = "10.3"
description = "An implementation of the WebSocket Protocol (RFC 6455 & 7692)"
category = "main"
optional = false
python-versions = ">=3.7"

[metadata]
lock-version = "1.1"
python-versions = "^3.10"
content-hash = "27718bd03488b1c296ff044073a3205fd1b25c0c6c1f5957cb3c2b6bded1a93a"

[metadata.files]
anyio = [
    {file = "anyio-3.6.1-py3-none-any.whl", hash = "sha256:cb29b9c70620506a9a8f87a309591713446953302d7d995344d0d7c6c0c9a7be"},
    {file = "anyio-3.6.1.tar.gz", hash = "sha256:413adf95f93886e442aea925f3ee43baa5a765a64a0f52c6081894f9992fdd0b"},
]
appdirs = [
    {file = "appdirs-1.4.4-py2.py3-none-any.whl", hash = "sha256:a841dacd6b99318a741b166adb07e19ee71a274450e68237b4650ca1055ab128"},
    {file = "appdirs-1.4.4.tar.gz", hash = "sha256:7d5d0167b2b1ba821647616af46a749d1c653740dd0d2415100fe26e27afdf41"},
]
asgiref = [
    {file = "asgiref-3.5.2-py3-none-any.whl", hash = "sha256:1d2880b792ae8757289136f1db2b7b99100ce959b2aa57fd69dab783d05afac4"},
    {file = "asgiref-3.5.2.tar.gz", hash = "sha256:4a29362a6acebe09bf1d6640db38c1dc3d9217c68e6f9f6204d72667fc19a424"},
]
click = [
    {file = "click-8.1.3-py3-none-any.whl", hash = "sha256:bb4d8133cb15a609f44e8213d9b391b0809795062913b383c62be0ee95b1db48"},
    {file = "click-8.1.3.tar.gz", hash = "sha256:7682dc8afb30297001674575ea00d1814d808d6a36af415a82bd481d37ba7b8e"},
]
colorama = [
    {file = "colorama-0.4.5-py2.py3-none-any.whl", hash = "sha256:854bf444933e37f5824ae7bfc1e98d5bce2ebe4160d46b5edf346a89358e99da"},
    {file = "colorama-0.4.5.tar.gz", hash = "sha256:e6c6b4334fc50988a639d9b98aa429a0b57da6e17b9a44f0451f930b6967b7a4"},
]
contextvars = [
    {file = "contextvars-2.4.tar.gz", hash = "sha256:f38c908aaa59c14335eeea12abea5f443646216c4e29380d7bf34d2018e2c39e"},
]
h11 = [
    {file = "h11-0.13.0-py3-none-any.whl", hash = "sha256:8ddd78563b633ca55346c8cd41ec0af27d3c79931828beffb46ce70a379e7442"},
    {file = "h11-0.13.0.tar.gz", hash = "sha256:70813c1135087a248a4d38cc0e1a0181ffab2188141a93eaf567940c3957ff06"},
]
htmltools = [
    {file = "htmltools-0.1.2-py3-none-any.whl", hash = "sha256:ba081b34c92cb92ae03572f2c2fd41c7a54553c9ff6dc5d13405a630c9156869"},
    {file = "htmltools-0.1.2.tar.gz", hash = "sha256:087dd2c79e9c6ddceaa5d56e34034432d7d56564673bd8beea64bca7774a340a"},
]
idna = [
    {file = "idna-3.4-py3-none-any.whl", hash = "sha256:90b77e79eaa3eba6de819a0c442c0b4ceefc341a7a2ab77d7562bf49f425c5c2"},
    {file = "idna-3.4.tar.gz", hash = "sha256:814f528e8dead7d329833b91c5faa87d60bf71824cd12a7530b5526063d02cb4"},
]
immutables = [
    {file = "immutables-0.19-cp310-cp310-macosx_10_9_universal2.whl", hash = "sha256:fef6743f8c3098ae46d9a2a3606b04a91c62e216487d91e90ce5c7419da3f803"},
    {file = "immutables-0.19-cp310-cp310-macosx_10_9_x86_64.whl", hash = "sha256:cfb62119b7302a37cb4a1db44234dab9acda60ba93e3c28489969722e85237b7"},
    {file = "immutables-0.19-cp310-cp310-manylinux_2_17_aarch64.manylinux2014_aarch64.whl", hash = "sha256:1d55b886e92ef5abfc4b066f404d956ca5789a2f8f738d448300fba40930a631"},
    {file = "immutables-0.19-cp310-cp310-manylinux_2_5_x86_64.manylinux1_x86_64.manylinux_2_17_x86_64.manylinux2014_x86_64.whl", hash = "sha256:40f1c3ab3ae690a55a2f61039705a110f0e23717d6d8a62a84600fc7cf5934dc"},
    {file = "immutables-0.19-cp310-cp310-musllinux_1_1_aarch64.whl", hash = "sha256:f3096afb376b9b3651a3b92affd1896b4dcefde209f412572f7e3924f6749a49"},
    {file = "immutables-0.19-cp310-cp310-musllinux_1_1_x86_64.whl", hash = "sha256:85bcb5a7c33100c1b2eeb8c71e5f80acab4c9dde074b2c2ca8e3dfb6830ce813"},
    {file = "immutables-0.19-cp310-cp310-win_amd64.whl", hash = "sha256:620c166e76030ca4772ea64e5190f8347a730a0af85b743820d351f211004397"},
    {file = "immutables-0.19-cp311-cp311-macosx_10_9_universal2.whl", hash = "sha256:c1774f298db9d460e50c40dfc9cfe7dd8a0de22c22f1de9a1f9a468daa1201dc"},
    {file = "immutables-0.19-cp311-cp311-macosx_10_9_x86_64.whl", hash = "sha256:24dbdc28779a2b75e06224609f4fc850ba61b7e1b74e32ec808c6430a535be2d"},
    {file = "immutables-0.19-cp311-cp311-manylinux_2_17_aarch64.manylinux2014_aarch64.whl", hash = "sha256:9b8c0a4264e3ba2f025f4517ce67f0d0869106a625dbda08758cbf4dd6b6dd1f"},
    {file = "immutables-0.19-cp311-cp311-manylinux_2_5_x86_64.manylinux1_x86_64.manylinux_2_17_x86_64.manylinux2014_x86_64.whl", hash = "sha256:28d1ee66424c2db998d27ebe0a331c7e09627e54a402848b2897cb6ef4dc4d7e"},
    {file = "immutables-0.19-cp311-cp311-musllinux_1_1_aarch64.whl", hash = "sha256:6f857aec0e0455986fd1f41234c867c3daf5a89ff7f54d493d4eb3c233d36d3c"},
    {file = "immutables-0.19-cp311-cp311-musllinux_1_1_x86_64.whl", hash = "sha256:119c60a05cb35add45c1e592e23a5cbb9db03161bb89d1596b920d9341173982"},
    {file = "immutables-0.19-cp311-cp311-win_amd64.whl", hash = "sha256:3fbad255e404b4cbcf3477b384a1e400bd8f28cbbfc2df8d3885abe3bfc7b909"},
    {file = "immutables-0.19-cp36-cp36m-macosx_10_9_x86_64.whl", hash = "sha256:6660e185354a1cb59ecc130f2b85b50d666d4417be668ce6ba83d4be79f55d34"},
    {file = "immutables-0.19-cp36-cp36m-manylinux_2_17_aarch64.manylinux2014_aarch64.whl", hash = "sha256:37de95c1d79707d95f50d0ab79e067bee52381afc967ff031ac4c822c14f43a8"},
    {file = "immutables-0.19-cp36-cp36m-manylinux_2_5_x86_64.manylinux1_x86_64.manylinux_2_17_x86_64.manylinux2014_x86_64.whl", hash = "sha256:ed61dbc963251bec7281cdb0c148176bbd70519d21fd05bce4c484632cdc3b2c"},
    {file = "immutables-0.19-cp36-cp36m-musllinux_1_1_aarch64.whl", hash = "sha256:7da9356a163993e01785a211b47c6a0038b48d1235b68479a0053c2c4c3cf666"},
    {file = "immutables-0.19-cp36-cp36m-musllinux_1_1_x86_64.whl", hash = "sha256:41d8cae52ea527f9c6dccdf1e1553106c482496acc140523034f91877ccbc103"},
    {file = "immutables-0.19-cp36-cp36m-win_amd64.whl", hash = "sha256:e95f0826f184920adb3cdf830f409f1c1d4e943e4dc50242538c4df9d51eea72"},
    {file = "immutables-0.19-cp37-cp37m-macosx_10_9_x86_64.whl", hash = "sha256:50608784e33c88da8c0e06e75f6725865cf2e345c8f3eeb83cb85111f737e986"},
    {file = "immutables-0.19-cp37-cp37m-manylinux_2_17_aarch64.manylinux2014_aarch64.whl", hash = "sha256:1cbd4d9dc531ee24b2387141a5968e923bb6174d13695e730cde0887aadda557"},
    {file = "immutables-0.19-cp37-cp37m-manylinux_2_5_x86_64.manylinux1_x86_64.manylinux_2_17_x86_64.manylinux2014_x86_64.whl", hash = "sha256:eed8988dc4ebde8d527dbe4dea68cb9fe6d43bc56df60d6015130dc4abd2ab34"},
    {file = "immutables-0.19-cp37-cp37m-musllinux_1_1_aarch64.whl", hash = "sha256:c830c9afc6fcb4a7d6d74230d6290987e664418026a15488ad00d8a3dc5ec743"},
    {file = "immutables-0.19-cp37-cp37m-musllinux_1_1_x86_64.whl", hash = "sha256:7c6cce2e87cd5369234b199037631cfed08e43813a1fdd750807d14404de195b"},
    {file = "immutables-0.19-cp37-cp37m-win_amd64.whl", hash = "sha256:10774f73af07b1648fa02f45f6ff88b3391feda65d4f640159e6eeec10540ece"},
    {file = "immutables-0.19-cp38-cp38-macosx_10_9_universal2.whl", hash = "sha256:a208a945ea817b1455b5b0f9c33c097baf6443b50d749a3dc32ff445e41b81d2"},
    {file = "immutables-0.19-cp38-cp38-macosx_10_9_x86_64.whl", hash = "sha256:25a6225efb5e96fc95d84b2d280e35d8a82a1ae72a12857177d48cc289ac1e03"},
    {file = "immutables-0.19-cp38-cp38-manylinux_2_17_aarch64.manylinux2014_aarch64.whl", hash = "sha256:5c0cf0d94b08e58896acf250cbc4682499c8a256fc6d0ee5c63d76a759a6a228"},
    {file = "immutables-0.19-cp38-cp38-manylinux_2_5_x86_64.manylinux1_x86_64.manylinux_2_17_x86_64.manylinux2014_x86_64.whl", hash = "sha256:64c74c5171f3a97b178b880746743a07b08e7d7f6055370bf04a94d50aea0643"},
    {file = "immutables-0.19-cp38-cp38-musllinux_1_1_aarch64.whl", hash = "sha256:8ababf72ed2a956b28f151d605a7bb1d4e1c59113f53bf2be4a586da3977b319"},
    {file = "immutables-0.19-cp38-cp38-musllinux_1_1_x86_64.whl", hash = "sha256:52a91917c65e6b9cfef7a2d2c3b0e00432a153aa8650785b7ee0897d80226278"},
    {file = "immutables-0.19-cp38-cp38-win_amd64.whl", hash = "sha256:bbe65c23779e12e0ecc3dec2c709ad22b7cc8b163895327bc173ae06a8b73425"},
    {file = "immutables-0.19-cp39-cp39-macosx_10_9_universal2.whl", hash = "sha256:480cc5d62efcac66f9737ae0820acd39d39e516e6fdbcf46cbdc26f11b429fd7"},
    {file = "immutables-0.19-cp39-cp39-macosx_10_9_x86_64.whl", hash = "sha256:2d88ff44e131508def4740964076c3da273baeeb406c1fe139f18373ea4196dd"},
    {file = "immutables-0.19-cp39-cp39-manylinux_2_17_aarch64.manylinux2014_aarch64.whl", hash = "sha256:7fa3148393101b0c4571da523929ae90a5b4bfc933c270a11b802a34a921c608"},
    {file = "immutables-0.19-cp39-cp39-manylinux_2_5_x86_64.manylinux1_x86_64.manylinux_2_17_x86_64.manylinux2014_x86_64.whl", hash = "sha256:0575190a90c3fce6862ccdb09be3344741ff97a96e559893541886d372139f1c"},
    {file = "immutables-0.19-cp39-cp39-musllinux_1_1_aarch64.whl", hash = "sha256:3754b26ef18b5d1009ffdeafc17fbd877a79f0a126e1423069bd8ef51c54302d"},
    {file = "immutables-0.19-cp39-cp39-musllinux_1_1_x86_64.whl", hash = "sha256:648142e16d49f5207ae52ee1b28dfa148206471967b9c9eaa5a9592fd32d5cef"},
    {file = "immutables-0.19-cp39-cp39-win_amd64.whl", hash = "sha256:199db9070ffa1a037e6650ddd63159907a210e4998f932bdf50e70615629db0c"},
    {file = "immutables-0.19.tar.gz", hash = "sha256:df17942d60e8080835fcc5245aa6928ef4c1ed567570ec019185798195048dcf"},
]
linkify-it-py = [
    {file = "linkify-it-py-2.0.0.tar.gz", hash = "sha256:476464480906bed8b2fa3813bf55566282e55214ad7e41b7d1c2b564666caf2f"},
    {file = "linkify_it_py-2.0.0-py3-none-any.whl", hash = "sha256:1bff43823e24e507a099e328fc54696124423dd6320c75a9da45b4b754b748ad"},
]
markdown-it-py = [
    {file = "markdown-it-py-2.1.0.tar.gz", hash = "sha256:cf7e59fed14b5ae17c0006eff14a2d9a00ed5f3a846148153899a0224e2c07da"},
    {file = "markdown_it_py-2.1.0-py3-none-any.whl", hash = "sha256:93de681e5c021a432c63147656fe21790bc01231e0cd2da73626f1aa3ac0fe27"},
]
mdit-py-plugins = [
    {file = "mdit-py-plugins-0.3.0.tar.gz", hash = "sha256:ecc24f51eeec6ab7eecc2f9724e8272c2fb191c2e93cf98109120c2cace69750"},
    {file = "mdit_py_plugins-0.3.0-py3-none-any.whl", hash = "sha256:b1279701cee2dbf50e188d3da5f51fee8d78d038cdf99be57c6b9d1aa93b4073"},
]
mdurl = [
    {file = "mdurl-0.1.2-py3-none-any.whl", hash = "sha256:84008a41e51615a49fc9966191ff91509e3c40b939176e643fd50a5c2196b8f8"},
    {file = "mdurl-0.1.2.tar.gz", hash = "sha256:bb413d29f5eea38f31dd4754dd7377d4465116fb207585f97bf925588687c1ba"},
]
numpy = [
    {file = "numpy-1.23.3-cp310-cp310-macosx_10_9_x86_64.whl", hash = "sha256:c9f707b5bb73bf277d812ded9896f9512a43edff72712f31667d0a8c2f8e71ee"},
    {file = "numpy-1.23.3-cp310-cp310-macosx_11_0_arm64.whl", hash = "sha256:ffcf105ecdd9396e05a8e58e81faaaf34d3f9875f137c7372450baa5d77c9a54"},
    {file = "numpy-1.23.3-cp310-cp310-manylinux_2_17_aarch64.manylinux2014_aarch64.whl", hash = "sha256:0ea3f98a0ffce3f8f57675eb9119f3f4edb81888b6874bc1953f91e0b1d4f440"},
    {file = "numpy-1.23.3-cp310-cp310-manylinux_2_17_x86_64.manylinux2014_x86_64.whl", hash = "sha256:004f0efcb2fe1c0bd6ae1fcfc69cc8b6bf2407e0f18be308612007a0762b4089"},
    {file = "numpy-1.23.3-cp310-cp310-win32.whl", hash = "sha256:98dcbc02e39b1658dc4b4508442a560fe3ca5ca0d989f0df062534e5ca3a5c1a"},
    {file = "numpy-1.23.3-cp310-cp310-win_amd64.whl", hash = "sha256:39a664e3d26ea854211867d20ebcc8023257c1800ae89773cbba9f9e97bae036"},
    {file = "numpy-1.23.3-cp311-cp311-macosx_10_9_x86_64.whl", hash = "sha256:1f27b5322ac4067e67c8f9378b41c746d8feac8bdd0e0ffede5324667b8a075c"},
    {file = "numpy-1.23.3-cp311-cp311-macosx_11_0_arm64.whl", hash = "sha256:2ad3ec9a748a8943e6eb4358201f7e1c12ede35f510b1a2221b70af4bb64295c"},
    {file = "numpy-1.23.3-cp311-cp311-manylinux_2_17_aarch64.manylinux2014_aarch64.whl", hash = "sha256:bdc9febce3e68b697d931941b263c59e0c74e8f18861f4064c1f712562903411"},
    {file = "numpy-1.23.3-cp311-cp311-manylinux_2_17_x86_64.manylinux2014_x86_64.whl", hash = "sha256:301c00cf5e60e08e04d842fc47df641d4a181e651c7135c50dc2762ffe293dbd"},
    {file = "numpy-1.23.3-cp311-cp311-win32.whl", hash = "sha256:7cd1328e5bdf0dee621912f5833648e2daca72e3839ec1d6695e91089625f0b4"},
    {file = "numpy-1.23.3-cp311-cp311-win_amd64.whl", hash = "sha256:8355fc10fd33a5a70981a5b8a0de51d10af3688d7a9e4a34fcc8fa0d7467bb7f"},
    {file = "numpy-1.23.3-cp38-cp38-macosx_10_9_x86_64.whl", hash = "sha256:bc6e8da415f359b578b00bcfb1d08411c96e9a97f9e6c7adada554a0812a6cc6"},
    {file = "numpy-1.23.3-cp38-cp38-macosx_11_0_arm64.whl", hash = "sha256:22d43376ee0acd547f3149b9ec12eec2f0ca4a6ab2f61753c5b29bb3e795ac4d"},
    {file = "numpy-1.23.3-cp38-cp38-manylinux_2_17_aarch64.manylinux2014_aarch64.whl", hash = "sha256:a64403f634e5ffdcd85e0b12c08f04b3080d3e840aef118721021f9b48fc1460"},
    {file = "numpy-1.23.3-cp38-cp38-manylinux_2_17_x86_64.manylinux2014_x86_64.whl", hash = "sha256:efd9d3abe5774404becdb0748178b48a218f1d8c44e0375475732211ea47c67e"},
    {file = "numpy-1.23.3-cp38-cp38-win32.whl", hash = "sha256:f8c02ec3c4c4fcb718fdf89a6c6f709b14949408e8cf2a2be5bfa9c49548fd85"},
    {file = "numpy-1.23.3-cp38-cp38-win_amd64.whl", hash = "sha256:e868b0389c5ccfc092031a861d4e158ea164d8b7fdbb10e3b5689b4fc6498df6"},
    {file = "numpy-1.23.3-cp39-cp39-macosx_10_9_x86_64.whl", hash = "sha256:09f6b7bdffe57fc61d869a22f506049825d707b288039d30f26a0d0d8ea05164"},
    {file = "numpy-1.23.3-cp39-cp39-macosx_11_0_arm64.whl", hash = "sha256:8c79d7cf86d049d0c5089231a5bcd31edb03555bd93d81a16870aa98c6cfb79d"},
    {file = "numpy-1.23.3-cp39-cp39-manylinux_2_17_aarch64.manylinux2014_aarch64.whl", hash = "sha256:e5d5420053bbb3dd64c30e58f9363d7a9c27444c3648e61460c1237f9ec3fa14"},
    {file = "numpy-1.23.3-cp39-cp39-manylinux_2_17_x86_64.manylinux2014_x86_64.whl", hash = "sha256:d5422d6a1ea9b15577a9432e26608c73a78faf0b9039437b075cf322c92e98e7"},
    {file = "numpy-1.23.3-cp39-cp39-win32.whl", hash = "sha256:c1ba66c48b19cc9c2975c0d354f24058888cdc674bebadceb3cdc9ec403fb5d1"},
    {file = "numpy-1.23.3-cp39-cp39-win_amd64.whl", hash = "sha256:78a63d2df1d947bd9d1b11d35564c2f9e4b57898aae4626638056ec1a231c40c"},
    {file = "numpy-1.23.3-pp38-pypy38_pp73-macosx_10_9_x86_64.whl", hash = "sha256:17c0e467ade9bda685d5ac7f5fa729d8d3e76b23195471adae2d6a6941bd2c18"},
    {file = "numpy-1.23.3-pp38-pypy38_pp73-manylinux_2_17_x86_64.manylinux2014_x86_64.whl", hash = "sha256:91b8d6768a75247026e951dce3b2aac79dc7e78622fc148329135ba189813584"},
    {file = "numpy-1.23.3-pp38-pypy38_pp73-win_amd64.whl", hash = "sha256:94c15ca4e52671a59219146ff584488907b1f9b3fc232622b47e2cf832e94fb8"},
    {file = "numpy-1.23.3.tar.gz", hash = "sha256:51bf49c0cd1d52be0a240aa66f3458afc4b95d8993d2d04f0d91fa60c10af6cd"},
]
packaging = [
    {file = "packaging-21.3-py3-none-any.whl", hash = "sha256:ef103e05f519cdc783ae24ea4e2e0f508a9c99b2d4969652eed6a2e1ea5bd522"},
    {file = "packaging-21.3.tar.gz", hash = "sha256:dd47c42927d89ab911e606518907cc2d3a1f38bbd026385970643f9c5b8ecfeb"},
]
pandas = [
    {file = "pandas-1.5.0-cp310-cp310-macosx_10_9_universal2.whl", hash = "sha256:0d8d7433d19bfa33f11c92ad9997f15a902bda4f5ad3a4814a21d2e910894484"},
    {file = "pandas-1.5.0-cp310-cp310-macosx_10_9_x86_64.whl", hash = "sha256:5cc47f2ebaa20ef96ae72ee082f9e101b3dfbf74f0e62c7a12c0b075a683f03c"},
    {file = "pandas-1.5.0-cp310-cp310-macosx_11_0_arm64.whl", hash = "sha256:8e8e5edf97d8793f51d258c07c629bd49d271d536ce15d66ac00ceda5c150eb3"},
    {file = "pandas-1.5.0-cp310-cp310-manylinux_2_17_aarch64.manylinux2014_aarch64.whl", hash = "sha256:41aec9f87455306496d4486df07c1b98c15569c714be2dd552a6124cd9fda88f"},
    {file = "pandas-1.5.0-cp310-cp310-manylinux_2_17_x86_64.manylinux2014_x86_64.whl", hash = "sha256:c76f1d104844c5360c21d2ef0e1a8b2ccf8b8ebb40788475e255b9462e32b2be"},
    {file = "pandas-1.5.0-cp310-cp310-win_amd64.whl", hash = "sha256:1642fc6138b4e45d57a12c1b464a01a6d868c0148996af23f72dde8d12486bbc"},
    {file = "pandas-1.5.0-cp311-cp311-macosx_10_9_universal2.whl", hash = "sha256:171cef540bfcec52257077816a4dbbac152acdb8236ba11d3196ae02bf0959d8"},
    {file = "pandas-1.5.0-cp311-cp311-macosx_10_9_x86_64.whl", hash = "sha256:a68a9b9754efff364b0c5ee5b0f18e15ca640c01afe605d12ba8b239ca304d6b"},
    {file = "pandas-1.5.0-cp311-cp311-macosx_11_0_arm64.whl", hash = "sha256:86d87279ebc5bc20848b4ceb619073490037323f80f515e0ec891c80abad958a"},
    {file = "pandas-1.5.0-cp311-cp311-manylinux_2_17_aarch64.manylinux2014_aarch64.whl", hash = "sha256:207d63ac851e60ec57458814613ef4b3b6a5e9f0b33c57623ba2bf8126c311f8"},
    {file = "pandas-1.5.0-cp311-cp311-manylinux_2_17_x86_64.manylinux2014_x86_64.whl", hash = "sha256:e252a9e49b233ff96e2815c67c29702ac3a062098d80a170c506dff3470fd060"},
    {file = "pandas-1.5.0-cp311-cp311-win_amd64.whl", hash = "sha256:de34636e2dc04e8ac2136a8d3c2051fd56ebe9fd6cd185581259330649e73ca9"},
    {file = "pandas-1.5.0-cp38-cp38-macosx_10_9_universal2.whl", hash = "sha256:1d34b1f43d9e3f4aea056ba251f6e9b143055ebe101ed04c847b41bb0bb4a989"},
    {file = "pandas-1.5.0-cp38-cp38-macosx_10_9_x86_64.whl", hash = "sha256:1b82ccc7b093e0a93f8dffd97a542646a3e026817140e2c01266aaef5fdde11b"},
    {file = "pandas-1.5.0-cp38-cp38-macosx_11_0_arm64.whl", hash = "sha256:4e30a31039574d96f3d683df34ccb50bb435426ad65793e42a613786901f6761"},
    {file = "pandas-1.5.0-cp38-cp38-manylinux_2_17_aarch64.manylinux2014_aarch64.whl", hash = "sha256:62e61003411382e20d7c2aec1ee8d7c86c8b9cf46290993dd8a0a3be44daeb38"},
    {file = "pandas-1.5.0-cp38-cp38-manylinux_2_17_x86_64.manylinux2014_x86_64.whl", hash = "sha256:fc987f7717e53d372f586323fff441263204128a1ead053c1b98d7288f836ac9"},
    {file = "pandas-1.5.0-cp38-cp38-win32.whl", hash = "sha256:e178ce2d7e3b934cf8d01dc2d48d04d67cb0abfaffdcc8aa6271fd5a436f39c8"},
    {file = "pandas-1.5.0-cp38-cp38-win_amd64.whl", hash = "sha256:33a9d9e21ab2d91e2ab6e83598419ea6a664efd4c639606b299aae8097c1c94f"},
    {file = "pandas-1.5.0-cp39-cp39-macosx_10_9_universal2.whl", hash = "sha256:73844e247a7b7dac2daa9df7339ecf1fcf1dfb8cbfd11e3ffe9819ae6c31c515"},
    {file = "pandas-1.5.0-cp39-cp39-macosx_10_9_x86_64.whl", hash = "sha256:e9c5049333c5bebf993033f4bf807d163e30e8fada06e1da7fa9db86e2392009"},
    {file = "pandas-1.5.0-cp39-cp39-macosx_11_0_arm64.whl", hash = "sha256:85a516a7f6723ca1528f03f7851fa8d0360d1d6121cf15128b290cf79b8a7f6a"},
    {file = "pandas-1.5.0-cp39-cp39-manylinux_2_17_aarch64.manylinux2014_aarch64.whl", hash = "sha256:947ed9f896ee61adbe61829a7ae1ade493c5a28c66366ec1de85c0642009faac"},
    {file = "pandas-1.5.0-cp39-cp39-manylinux_2_17_x86_64.manylinux2014_x86_64.whl", hash = "sha256:c7f38d91f21937fe2bec9449570d7bf36ad7136227ef43b321194ec249e2149d"},
    {file = "pandas-1.5.0-cp39-cp39-win32.whl", hash = "sha256:2504c032f221ef9e4a289f5e46a42b76f5e087ecb67d62e342ccbba95a32a488"},
    {file = "pandas-1.5.0-cp39-cp39-win_amd64.whl", hash = "sha256:8a4fc04838615bf0a8d3a03ed68197f358054f0df61f390bcc64fbe39e3d71ec"},
    {file = "pandas-1.5.0.tar.gz", hash = "sha256:3ee61b881d2f64dd90c356eb4a4a4de75376586cd3c9341c6c0fcaae18d52977"},
]
pyparsing = [
    {file = "pyparsing-3.0.9-py3-none-any.whl", hash = "sha256:5026bae9a10eeaefb61dab2f09052b9f4307d44aee4eda64b309723d8d206bbc"},
    {file = "pyparsing-3.0.9.tar.gz", hash = "sha256:2b020ecf7d21b687f219b71ecad3631f644a47f01403fa1d1036b0c6416d70fb"},
]
python-dateutil = [
    {file = "python-dateutil-2.8.2.tar.gz", hash = "sha256:0123cacc1627ae19ddf3c27a5de5bd67ee4586fbdd6440d9748f8abb483d3e86"},
    {file = "python_dateutil-2.8.2-py2.py3-none-any.whl", hash = "sha256:961d03dc3453ebbc59dbdea9e4e11c5651520a876d0f4db161e8674aae935da9"},
]
python-multipart = [
    {file = "python-multipart-0.0.5.tar.gz", hash = "sha256:f7bb5f611fc600d15fa47b3974c8aa16e93724513b49b5f95c81e6624c83fa43"},
]
pytz = [
    {file = "pytz-2022.2.1-py2.py3-none-any.whl", hash = "sha256:220f481bdafa09c3955dfbdddb7b57780e9a94f5127e35456a48589b9e0c0197"},
    {file = "pytz-2022.2.1.tar.gz", hash = "sha256:cea221417204f2d1a2aa03ddae3e867921971d0d76f14d87abb4414415bbdcf5"},
]
shiny = [
    {file = "shiny-0.2.6-py3-none-any.whl", hash = "sha256:c8494582ffa322e5410fb911464ee35d5152c96a51af3e0419754d26b23eaf67"},
    {file = "shiny-0.2.6.tar.gz", hash = "sha256:bd95659809b54b8d152dac7e85bdc1ea9e3577001b0f2f6edda1ba306e4572a0"},
]
six = [
    {file = "six-1.16.0-py2.py3-none-any.whl", hash = "sha256:8abb2f1d86890a2dfb989f9a77cfcfd3e47c2a354b01111771326f8aa26e0254"},
    {file = "six-1.16.0.tar.gz", hash = "sha256:1e61c37477a1626458e36f7b1d82aa5c9b094fa4802892072e49de9c60c4c926"},
]
sniffio = [
    {file = "sniffio-1.3.0-py3-none-any.whl", hash = "sha256:eecefdce1e5bbfb7ad2eeaabf7c1eeb404d7757c379bd1f7e5cce9d8bf425384"},
    {file = "sniffio-1.3.0.tar.gz", hash = "sha256:e60305c5e5d314f5389259b7f22aaa33d8f7dee49763119234af3755c55b9101"},
]
starlette = [
    {file = "starlette-0.20.4-py3-none-any.whl", hash = "sha256:c0414d5a56297d37f3db96a84034d61ce29889b9eaccf65eb98a0b39441fcaa3"},
    {file = "starlette-0.20.4.tar.gz", hash = "sha256:42fcf3122f998fefce3e2c5ad7e5edbf0f02cf685d646a83a08d404726af5084"},
]
typing-extensions = [
    {file = "typing_extensions-4.3.0-py3-none-any.whl", hash = "sha256:25642c956049920a5aa49edcdd6ab1e06d7e5d467fc00e0506c44ac86fbfca02"},
    {file = "typing_extensions-4.3.0.tar.gz", hash = "sha256:e6d2677a32f47fc7eb2795db1dd15c1f34eff616bcaf2cfb5e997f854fa1c4a6"},
]
uc-micro-py = [
    {file = "uc-micro-py-1.0.1.tar.gz", hash = "sha256:b7cdf4ea79433043ddfe2c82210208f26f7962c0cfbe3bacb05ee879a7fdb596"},
    {file = "uc_micro_py-1.0.1-py3-none-any.whl", hash = "sha256:316cfb8b6862a0f1d03540f0ae6e7b033ff1fa0ddbe60c12cbe0d4cec846a69f"},
]
uvicorn = [
    {file = "uvicorn-0.18.3-py3-none-any.whl", hash = "sha256:0abd429ebb41e604ed8d2be6c60530de3408f250e8d2d84967d85ba9e86fe3af"},
    {file = "uvicorn-0.18.3.tar.gz", hash = "sha256:9a66e7c42a2a95222f76ec24a4b754c158261c4696e683b9dadc72b590e0311b"},
]
websockets = [
    {file = "websockets-10.3-cp310-cp310-macosx_10_9_universal2.whl", hash = "sha256:661f641b44ed315556a2fa630239adfd77bd1b11cb0b9d96ed8ad90b0b1e4978"},
    {file = "websockets-10.3-cp310-cp310-macosx_10_9_x86_64.whl", hash = "sha256:b529fdfa881b69fe563dbd98acce84f3e5a67df13de415e143ef053ff006d500"},
    {file = "websockets-10.3-cp310-cp310-macosx_11_0_arm64.whl", hash = "sha256:f351c7d7d92f67c0609329ab2735eee0426a03022771b00102816a72715bb00b"},
    {file = "websockets-10.3-cp310-cp310-manylinux_2_17_aarch64.manylinux2014_aarch64.whl", hash = "sha256:379e03422178436af4f3abe0aa8f401aa77ae2487843738542a75faf44a31f0c"},
    {file = "websockets-10.3-cp310-cp310-manylinux_2_5_i686.manylinux1_i686.manylinux_2_12_i686.manylinux2010_i686.whl", hash = "sha256:e904c0381c014b914136c492c8fa711ca4cced4e9b3d110e5e7d436d0fc289e8"},
    {file = "websockets-10.3-cp310-cp310-manylinux_2_5_x86_64.manylinux1_x86_64.manylinux_2_12_x86_64.manylinux2010_x86_64.whl", hash = "sha256:e7e6f2d6fd48422071cc8a6f8542016f350b79cc782752de531577d35e9bd677"},
    {file = "websockets-10.3-cp310-cp310-musllinux_1_1_aarch64.whl", hash = "sha256:b9c77f0d1436ea4b4dc089ed8335fa141e6a251a92f75f675056dac4ab47a71e"},
    {file = "websockets-10.3-cp310-cp310-musllinux_1_1_i686.whl", hash = "sha256:e6fa05a680e35d0fcc1470cb070b10e6fe247af54768f488ed93542e71339d6f"},
    {file = "websockets-10.3-cp310-cp310-musllinux_1_1_x86_64.whl", hash = "sha256:2f94fa3ae454a63ea3a19f73b95deeebc9f02ba2d5617ca16f0bbdae375cda47"},
    {file = "websockets-10.3-cp310-cp310-win32.whl", hash = "sha256:6ed1d6f791eabfd9808afea1e068f5e59418e55721db8b7f3bfc39dc831c42ae"},
    {file = "websockets-10.3-cp310-cp310-win_amd64.whl", hash = "sha256:347974105bbd4ea068106ec65e8e8ebd86f28c19e529d115d89bd8cc5cda3079"},
    {file = "websockets-10.3-cp37-cp37m-macosx_10_9_x86_64.whl", hash = "sha256:fab7c640815812ed5f10fbee7abbf58788d602046b7bb3af9b1ac753a6d5e916"},
    {file = "websockets-10.3-cp37-cp37m-manylinux_2_17_aarch64.manylinux2014_aarch64.whl", hash = "sha256:994cdb1942a7a4c2e10098d9162948c9e7b235df755de91ca33f6e0481366fdb"},
    {file = "websockets-10.3-cp37-cp37m-manylinux_2_5_i686.manylinux1_i686.manylinux_2_12_i686.manylinux2010_i686.whl", hash = "sha256:aad5e300ab32036eb3fdc350ad30877210e2f51bceaca83fb7fef4d2b6c72b79"},
    {file = "websockets-10.3-cp37-cp37m-manylinux_2_5_x86_64.manylinux1_x86_64.manylinux_2_12_x86_64.manylinux2010_x86_64.whl", hash = "sha256:e49ea4c1a9543d2bd8a747ff24411509c29e4bdcde05b5b0895e2120cb1a761d"},
    {file = "websockets-10.3-cp37-cp37m-musllinux_1_1_aarch64.whl", hash = "sha256:6ea6b300a6bdd782e49922d690e11c3669828fe36fc2471408c58b93b5535a98"},
    {file = "websockets-10.3-cp37-cp37m-musllinux_1_1_i686.whl", hash = "sha256:ef5ce841e102278c1c2e98f043db99d6755b1c58bde475516aef3a008ed7f28e"},
    {file = "websockets-10.3-cp37-cp37m-musllinux_1_1_x86_64.whl", hash = "sha256:d1655a6fc7aecd333b079d00fb3c8132d18988e47f19740c69303bf02e9883c6"},
    {file = "websockets-10.3-cp37-cp37m-win32.whl", hash = "sha256:83e5ca0d5b743cde3d29fda74ccab37bdd0911f25bd4cdf09ff8b51b7b4f2fa1"},
    {file = "websockets-10.3-cp37-cp37m-win_amd64.whl", hash = "sha256:da4377904a3379f0c1b75a965fff23b28315bcd516d27f99a803720dfebd94d4"},
    {file = "websockets-10.3-cp38-cp38-macosx_10_9_universal2.whl", hash = "sha256:a1e15b230c3613e8ea82c9fc6941b2093e8eb939dd794c02754d33980ba81e36"},
    {file = "websockets-10.3-cp38-cp38-macosx_10_9_x86_64.whl", hash = "sha256:31564a67c3e4005f27815634343df688b25705cccb22bc1db621c781ddc64c69"},
    {file = "websockets-10.3-cp38-cp38-macosx_11_0_arm64.whl", hash = "sha256:c8d1d14aa0f600b5be363077b621b1b4d1eb3fbf90af83f9281cda668e6ff7fd"},
    {file = "websockets-10.3-cp38-cp38-manylinux_2_17_aarch64.manylinux2014_aarch64.whl", hash = "sha256:8fbd7d77f8aba46d43245e86dd91a8970eac4fb74c473f8e30e9c07581f852b2"},
    {file = "websockets-10.3-cp38-cp38-manylinux_2_5_i686.manylinux1_i686.manylinux_2_12_i686.manylinux2010_i686.whl", hash = "sha256:210aad7fdd381c52e58777560860c7e6110b6174488ef1d4b681c08b68bf7f8c"},
    {file = "websockets-10.3-cp38-cp38-manylinux_2_5_x86_64.manylinux1_x86_64.manylinux_2_12_x86_64.manylinux2010_x86_64.whl", hash = "sha256:6075fd24df23133c1b078e08a9b04a3bc40b31a8def4ee0b9f2c8865acce913e"},
    {file = "websockets-10.3-cp38-cp38-musllinux_1_1_aarch64.whl", hash = "sha256:7f6d96fdb0975044fdd7953b35d003b03f9e2bcf85f2d2cf86285ece53e9f991"},
    {file = "websockets-10.3-cp38-cp38-musllinux_1_1_i686.whl", hash = "sha256:c7250848ce69559756ad0086a37b82c986cd33c2d344ab87fea596c5ac6d9442"},
    {file = "websockets-10.3-cp38-cp38-musllinux_1_1_x86_64.whl", hash = "sha256:28dd20b938a57c3124028680dc1600c197294da5db4292c76a0b48efb3ed7f76"},
    {file = "websockets-10.3-cp38-cp38-win32.whl", hash = "sha256:54c000abeaff6d8771a4e2cef40900919908ea7b6b6a30eae72752607c6db559"},
    {file = "websockets-10.3-cp38-cp38-win_amd64.whl", hash = "sha256:7ab36e17af592eec5747c68ef2722a74c1a4a70f3772bc661079baf4ae30e40d"},
    {file = "websockets-10.3-cp39-cp39-macosx_10_9_universal2.whl", hash = "sha256:a141de3d5a92188234afa61653ed0bbd2dde46ad47b15c3042ffb89548e77094"},
    {file = "websockets-10.3-cp39-cp39-macosx_10_9_x86_64.whl", hash = "sha256:97bc9d41e69a7521a358f9b8e44871f6cdeb42af31815c17aed36372d4eec667"},
    {file = "websockets-10.3-cp39-cp39-macosx_11_0_arm64.whl", hash = "sha256:d6353ba89cfc657a3f5beabb3b69be226adbb5c6c7a66398e17809b0ce3c4731"},
    {file = "websockets-10.3-cp39-cp39-manylinux_2_17_aarch64.manylinux2014_aarch64.whl", hash = "sha256:ec2b0ab7edc8cd4b0eb428b38ed89079bdc20c6bdb5f889d353011038caac2f9"},
    {file = "websockets-10.3-cp39-cp39-manylinux_2_5_i686.manylinux1_i686.manylinux_2_12_i686.manylinux2010_i686.whl", hash = "sha256:85506b3328a9e083cc0a0fb3ba27e33c8db78341b3eb12eb72e8afd166c36680"},
    {file = "websockets-10.3-cp39-cp39-manylinux_2_5_x86_64.manylinux1_x86_64.manylinux_2_12_x86_64.manylinux2010_x86_64.whl", hash = "sha256:8af75085b4bc0b5c40c4a3c0e113fa95e84c60f4ed6786cbb675aeb1ee128247"},
    {file = "websockets-10.3-cp39-cp39-musllinux_1_1_aarch64.whl", hash = "sha256:07cdc0a5b2549bcfbadb585ad8471ebdc7bdf91e32e34ae3889001c1c106a6af"},
    {file = "websockets-10.3-cp39-cp39-musllinux_1_1_i686.whl", hash = "sha256:5b936bf552e4f6357f5727579072ff1e1324717902127ffe60c92d29b67b7be3"},
    {file = "websockets-10.3-cp39-cp39-musllinux_1_1_x86_64.whl", hash = "sha256:e4e08305bfd76ba8edab08dcc6496f40674f44eb9d5e23153efa0a35750337e8"},
    {file = "websockets-10.3-cp39-cp39-win32.whl", hash = "sha256:bb621ec2dbbbe8df78a27dbd9dd7919f9b7d32a73fafcb4d9252fc4637343582"},
    {file = "websockets-10.3-cp39-cp39-win_amd64.whl", hash = "sha256:51695d3b199cd03098ae5b42833006a0f43dc5418d3102972addc593a783bc02"},
    {file = "websockets-10.3-pp37-pypy37_pp73-macosx_10_9_x86_64.whl", hash = "sha256:907e8247480f287aa9bbc9391bd6de23c906d48af54c8c421df84655eef66af7"},
    {file = "websockets-10.3-pp37-pypy37_pp73-manylinux_2_17_aarch64.manylinux2014_aarch64.whl", hash = "sha256:8b1359aba0ff810d5830d5ab8e2c4a02bebf98a60aa0124fb29aa78cfdb8031f"},
    {file = "websockets-10.3-pp37-pypy37_pp73-manylinux_2_5_i686.manylinux1_i686.manylinux_2_12_i686.manylinux2010_i686.whl", hash = "sha256:93d5ea0b5da8d66d868b32c614d2b52d14304444e39e13a59566d4acb8d6e2e4"},
    {file = "websockets-10.3-pp37-pypy37_pp73-manylinux_2_5_x86_64.manylinux1_x86_64.manylinux_2_12_x86_64.manylinux2010_x86_64.whl", hash = "sha256:7934e055fd5cd9dee60f11d16c8d79c4567315824bacb1246d0208a47eca9755"},
    {file = "websockets-10.3-pp37-pypy37_pp73-win_amd64.whl", hash = "sha256:3eda1cb7e9da1b22588cefff09f0951771d6ee9fa8dbe66f5ae04cc5f26b2b55"},
    {file = "websockets-10.3.tar.gz", hash = "sha256:fc06cc8073c8e87072138ba1e431300e2d408f054b27047d047b549455066ff4"},
]
